// !$*UTF8*$!
{
	archiveVersion = 1;
	classes = {
	};
	objectVersion = 46;
	objects = {

/* Begin PBXBuildFile section */
		05F1AD3C1E6025C800FBA22D /* main.m in Sources */ = {isa = PBXBuildFile; fileRef = 05F1AD3B1E6025C800FBA22D /* main.m */; };
		05F1AD3F1E6025C800FBA22D /* AppDelegate.m in Sources */ = {isa = PBXBuildFile; fileRef = 05F1AD3E1E6025C800FBA22D /* AppDelegate.m */; };
		05F1AD421E6025C800FBA22D /* ViewController.m in Sources */ = {isa = PBXBuildFile; fileRef = 05F1AD411E6025C800FBA22D /* ViewController.m */; };
		05F1AD451E6025C800FBA22D /* Main.storyboard in Resources */ = {isa = PBXBuildFile; fileRef = 05F1AD431E6025C800FBA22D /* Main.storyboard */; };
		05F1AD471E6025C800FBA22D /* Assets.xcassets in Resources */ = {isa = PBXBuildFile; fileRef = 05F1AD461E6025C800FBA22D /* Assets.xcassets */; };
		05F1AD4A1E6025C800FBA22D /* LaunchScreen.storyboard in Resources */ = {isa = PBXBuildFile; fileRef = 05F1AD481E6025C800FBA22D /* LaunchScreen.storyboard */; };
/* End PBXBuildFile section */

/* Begin PBXFileReference section */
		05F1AD371E6025C800FBA22D /* MulticastDelegateTest.app */ = {isa = PBXFileReference; explicitFileType = wrapper.application; includeInIndex = 0; path = MulticastDelegateTest.app; sourceTree = BUILT_PRODUCTS_DIR; };
		05F1AD3B1E6025C800FBA22D /* main.m */ = {isa = PBXFileReference; lastKnownFileType = sourcecode.c.objc; path = main.m; sourceTree = "<group>"; };
		05F1AD3D1E6025C800FBA22D /* AppDelegate.h */ = {isa = PBXFileReference; lastKnownFileType = sourcecode.c.h; path = AppDelegate.h; sourceTree = "<group>"; };
		05F1AD3E1E6025C800FBA22D /* AppDelegate.m */ = {isa = PBXFileReference; lastKnownFileType = sourcecode.c.objc; path = AppDelegate.m; sourceTree = "<group>"; };
		05F1AD401E6025C800FBA22D /* ViewController.h */ = {isa = PBXFileReference; lastKnownFileType = sourcecode.c.h; path = ViewController.h; sourceTree = "<group>"; };
		05F1AD411E6025C800FBA22D /* ViewController.m */ = {isa = PBXFileReference; lastKnownFileType = sourcecode.c.objc; path = ViewController.m; sourceTree = "<group>"; };
		05F1AD441E6025C800FBA22D /* Base */ = {isa = PBXFileReference; lastKnownFileType = file.storyboard; name = Base; path = Base.lproj/Main.storyboard; sourceTree = "<group>"; };
		05F1AD461E6025C800FBA22D /* Assets.xcassets */ = {isa = PBXFileReference; lastKnownFileType = folder.assetcatalog; path = Assets.xcassets; sourceTree = "<group>"; };
		05F1AD491E6025C800FBA22D /* Base */ = {isa = PBXFileReference; lastKnownFileType = file.storyboard; name = Base; path = Base.lproj/LaunchScreen.storyboard; sourceTree = "<group>"; };
		05F1AD4B1E6025C800FBA22D /* Info.plist */ = {isa = PBXFileReference; lastKnownFileType = text.plist.xml; path = Info.plist; sourceTree = "<group>"; };
/* End PBXFileReference section */

/* Begin PBXFrameworksBuildPhase section */
		05F1AD341E6025C800FBA22D /* Frameworks */ = {
			isa = PBXFrameworksBuildPhase;
			buildActionMask = 2147483647;
			files = (
			);
			runOnlyForDeploymentPostprocessing = 0;
		};
/* End PBXFrameworksBuildPhase section */

/* Begin PBXGroup section */
		05F1AD2E1E6025C800FBA22D = {
			isa = PBXGroup;
			children = (
				05F1AD391E6025C800FBA22D /* MulticastDelegateTest */,
				05F1AD381E6025C800FBA22D /* Products */,
			);
			sourceTree = "<group>";
		};
		05F1AD381E6025C800FBA22D /* Products */ = {
			isa = PBXGroup;
			children = (
				05F1AD371E6025C800FBA22D /* MulticastDelegateTest.app */,
			);
			name = Products;
			sourceTree = "<group>";
		};
		05F1AD391E6025C800FBA22D /* MulticastDelegateTest */ = {
			isa = PBXGroup;
			children = (
				05F1AD3D1E6025C800FBA22D /* AppDelegate.h */,
				05F1AD3E1E6025C800FBA22D /* AppDelegate.m */,
				05F1AD401E6025C800FBA22D /* ViewController.h */,
				05F1AD411E6025C800FBA22D /* ViewController.m */,
				05F1AD431E6025C800FBA22D /* Main.storyboard */,
				05F1AD461E6025C800FBA22D /* Assets.xcassets */,
				05F1AD481E6025C800FBA22D /* LaunchScreen.storyboard */,
				05F1AD4B1E6025C800FBA22D /* Info.plist */,
				05F1AD3A1E6025C800FBA22D /* Supporting Files */,
			);
			path = MulticastDelegateTest;
			sourceTree = "<group>";
		};
		05F1AD3A1E6025C800FBA22D /* Supporting Files */ = {
			isa = PBXGroup;
			children = (
				05F1AD3B1E6025C800FBA22D /* main.m */,
			);
			name = "Supporting Files";
			sourceTree = "<group>";
		};
/* End PBXGroup section */

/* Begin PBXNativeTarget section */
		05F1AD361E6025C800FBA22D /* MulticastDelegateTest */ = {
			isa = PBXNativeTarget;
			buildConfigurationList = 05F1AD4E1E6025C800FBA22D /* Build configuration list for PBXNativeTarget "MulticastDelegateTest" */;
			buildPhases = (
				05F1AD331E6025C800FBA22D /* Sources */,
				05F1AD341E6025C800FBA22D /* Frameworks */,
				05F1AD351E6025C800FBA22D /* Resources */,
			);
			buildRules = (
			);
			dependencies = (
			);
			name = MulticastDelegateTest;
			productName = MulticastDelegateTest;
			productReference = 05F1AD371E6025C800FBA22D /* MulticastDelegateTest.app */;
			productType = "com.apple.product-type.application";
		};
/* End PBXNativeTarget section */

/* Begin PBXProject section */
		05F1AD2F1E6025C800FBA22D /* Project object */ = {
			isa = PBXProject;
			attributes = {
				LastUpgradeCheck = 0800;
				ORGANIZATIONNAME = zcx;
				TargetAttributes = {
					05F1AD361E6025C800FBA22D = {
						CreatedOnToolsVersion = 8.0;
						DevelopmentTeam = 85P36HY49V;
						ProvisioningStyle = Automatic;
					};
				};
			};
			buildConfigurationList = 05F1AD321E6025C800FBA22D /* Build configuration list for PBXProject "MulticastDelegateTest" */;
			compatibilityVersion = "Xcode 3.2";
			developmentRegion = English;
			hasScannedForEncodings = 0;
			knownRegions = (
				en,
				Base,
			);
			mainGroup = 05F1AD2E1E6025C800FBA22D;
			productRefGroup = 05F1AD381E6025C800FBA22D /* Products */;
			projectDirPath = "";
			projectRoot = "";
			targets = (
				05F1AD361E6025C800FBA22D /* MulticastDelegateTest */,
			);
		};
/* End PBXProject section */

/* Begin PBXResourcesBuildPhase section */
		05F1AD351E6025C800FBA22D /* Resources */ = {
			isa = PBXResourcesBuildPhase;
			buildActionMask = 2147483647;
			files = (
				05F1AD4A1E6025C800FBA22D /* LaunchScreen.storyboard in Resources */,
				05F1AD471E6025C800FBA22D /* Assets.xcassets in Resources */,
				05F1AD451E6025C800FBA22D /* Main.storyboard in Resources */,
			);
			runOnlyForDeploymentPostprocessing = 0;
		};
/* End PBXResourcesBuildPhase section */

/* Begin PBXSourcesBuildPhase section */
		05F1AD331E6025C800FBA22D /* Sources */ = {
			isa = PBXSourcesBuildPhase;
			buildActionMask = 2147483647;
			files = (
				05F1AD421E6025C800FBA22D /* ViewController.m in Sources */,
				05F1AD3F1E6025C800FBA22D /* AppDelegate.m in Sources */,
				05F1AD3C1E6025C800FBA22D /* main.m in Sources */,
			);
			runOnlyForDeploymentPostprocessing = 0;
		};
/* End PBXSourcesBuildPhase section */

/* Begin PBXVariantGroup section */
		05F1AD431E6025C800FBA22D /* Main.storyboard */ = {
			isa = PBXVariantGroup;
			children = (
				05F1AD441E6025C800FBA22D /* Base */,
			);
			name = Main.storyboard;
			sourceTree = "<group>";
		};
		05F1AD481E6025C800FBA22D /* LaunchScreen.storyboard */ = {
			isa = PBXVariantGroup;
			children = (
				05F1AD491E6025C800FBA22D /* Base */,
			);
			name = LaunchScreen.storyboard;
			sourceTree = "<group>";
		};
/* End PBXVariantGroup section */

/* Begin XCBuildConfiguration section */
		05F1AD4C1E6025C800FBA22D /* Debug */ = {
			isa = XCBuildConfiguration;
			buildSettings = {
				ALWAYS_SEARCH_USER_PATHS = NO;
				CLANG_ANALYZER_NONNULL = YES;
				CLANG_CXX_LANGUAGE_STANDARD = "gnu++0x";
				CLANG_CXX_LIBRARY = "libc++";
				CLANG_ENABLE_MODULES = YES;
				CLANG_ENABLE_OBJC_ARC = YES;
				CLANG_WARN_BOOL_CONVERSION = YES;
				CLANG_WARN_CONSTANT_CONVERSION = YES;
				CLANG_WARN_DIRECT_OBJC_ISA_USAGE = YES_ERROR;
				CLANG_WARN_DOCUMENTATION_COMMENTS = YES;
				CLANG_WARN_EMPTY_BODY = YES;
				CLANG_WARN_ENUM_CONVERSION = YES;
				CLANG_WARN_INFINITE_RECURSION = YES;
				CLANG_WARN_INT_CONVERSION = YES;
				CLANG_WARN_OBJC_ROOT_CLASS = YES_ERROR;
				CLANG_WARN_SUSPICIOUS_MOVES = YES;
				CLANG_WARN_UNREACHABLE_CODE = YES;
				CLANG_WARN__DUPLICATE_METHOD_MATCH = YES;
				"CODE_SIGN_IDENTITY[sdk=iphoneos*]" = "iPhone Developer";
				COPY_PHASE_STRIP = NO;
				DEBUG_INFORMATION_FORMAT = dwarf;
				ENABLE_STRICT_OBJC_MSGSEND = YES;
				ENABLE_TESTABILITY = YES;
				GCC_C_LANGUAGE_STANDARD = gnu99;
				GCC_DYNAMIC_NO_PIC = NO;
				GCC_NO_COMMON_BLOCKS = YES;
				GCC_OPTIMIZATION_LEVEL = 0;
				GCC_PREPROCESSOR_DEFINITIONS = (
					"DEBUG=1",
					"$(inherited)",
				);
				GCC_WARN_64_TO_32_BIT_CONVERSION = YES;
				GCC_WARN_ABOUT_RETURN_TYPE = YES_ERROR;
				GCC_WARN_UNDECLARED_SELECTOR = YES;
				GCC_WARN_UNINITIALIZED_AUTOS = YES_AGGRESSIVE;
				GCC_WARN_UNUSED_FUNCTION = YES;
				GCC_WARN_UNUSED_VARIABLE = YES;
				IPHONEOS_DEPLOYMENT_TARGET = 10.0;
				MTL_ENABLE_DEBUG_INFO = YES;
				ONLY_ACTIVE_ARCH = YES;
				SDKROOT = iphoneos;
			};
			name = Debug;
		};
		05F1AD4D1E6025C800FBA22D /* Release */ = {
			isa = XCBuildConfiguration;
			buildSettings = {
				ALWAYS_SEARCH_USER_PATHS = NO;
				CLANG_ANALYZER_NONNULL = YES;
				CLANG_CXX_LANGUAGE_STANDARD = "gnu++0x";
				CLANG_CXX_LIBRARY = "libc++";
				CLANG_ENABLE_MODULES = YES;
				CLANG_ENABLE_OBJC_ARC = YES;
				CLANG_WARN_BOOL_CONVERSION = YES;
				CLANG_WARN_CONSTANT_CONVERSION = YES;
				CLANG_WARN_DIRECT_OBJC_ISA_USAGE = YES_ERROR;
				CLANG_WARN_DOCUMENTATION_COMMENTS = YES;
				CLANG_WARN_EMPTY_BODY = YES;
				CLANG_WARN_ENUM_CONVERSION = YES;
				CLANG_WARN_INFINITE_RECURSION = YES;
				CLANG_WARN_INT_CONVERSION = YES;
				CLANG_WARN_OBJC_ROOT_CLASS = YES_ERROR;
				CLANG_WARN_SUSPICIOUS_MOVES = YES;
				CLANG_WARN_UNREACHABLE_CODE = YES;
				CLANG_WARN__DUPLICATE_METHOD_MATCH = YES;
				"CODE_SIGN_IDENTITY[sdk=iphoneos*]" = "iPhone Developer";
				COPY_PHASE_STRIP = NO;
				DEBUG_INFORMATION_FORMAT = "dwarf-with-dsym";
				ENABLE_NS_ASSERTIONS = NO;
				ENABLE_STRICT_OBJC_MSGSEND = YES;
				GCC_C_LANGUAGE_STANDARD = gnu99;
				GCC_NO_COMMON_BLOCKS = YES;
				GCC_WARN_64_TO_32_BIT_CONVERSION = YES;
				GCC_WARN_ABOUT_RETURN_TYPE = YES_ERROR;
				GCC_WARN_UNDECLARED_SELECTOR = YES;
				GCC_WARN_UNINITIALIZED_AUTOS = YES_AGGRESSIVE;
				GCC_WARN_UNUSED_FUNCTION = YES;
				GCC_WARN_UNUSED_VARIABLE = YES;
				IPHONEOS_DEPLOYMENT_TARGET = 10.0;
				MTL_ENABLE_DEBUG_INFO = NO;
				SDKROOT = iphoneos;
				VALIDATE_PRODUCT = YES;
			};
			name = Release;
		};
		05F1AD4F1E6025C800FBA22D /* Debug */ = {
			isa = XCBuildConfiguration;
			buildSettings = {
				ASSETCATALOG_COMPILER_APPICON_NAME = AppIcon;
				DEVELOPMENT_TEAM = 85P36HY49V;
				INFOPLIST_FILE = MulticastDelegateTest/Info.plist;
				LD_RUNPATH_SEARCH_PATHS = "$(inherited) @executable_path/Frameworks";
				PRODUCT_BUNDLE_IDENTIFIER = zcx.MulticastDelegateTest;
				PRODUCT_NAME = "$(TARGET_NAME)";
			};
			name = Debug;
		};
		05F1AD501E6025C800FBA22D /* Release */ = {
			isa = XCBuildConfiguration;
			buildSettings = {
				ASSETCATALOG_COMPILER_APPICON_NAME = AppIcon;
				DEVELOPMENT_TEAM = 85P36HY49V;
				INFOPLIST_FILE = MulticastDelegateTest/Info.plist;
				LD_RUNPATH_SEARCH_PATHS = "$(inherited) @executable_path/Frameworks";
				PRODUCT_BUNDLE_IDENTIFIER = zcx.MulticastDelegateTest;
				PRODUCT_NAME = "$(TARGET_NAME)";
			};
			name = Release;
		};
/* End XCBuildConfiguration section */

/* Begin XCConfigurationList section */
		05F1AD321E6025C800FBA22D /* Build configuration list for PBXProject "MulticastDelegateTest" */ = {
			isa = XCConfigurationList;
			buildConfigurations = (
				05F1AD4C1E6025C800FBA22D /* Debug */,
				05F1AD4D1E6025C800FBA22D /* Release */,
			);
			defaultConfigurationIsVisible = 0;
			defaultConfigurationName = Release;
		};
		05F1AD4E1E6025C800FBA22D /* Build configuration list for PBXNativeTarget "MulticastDelegateTest" */ = {
			isa = XCConfigurationList;
			buildConfigurations = (
				05F1AD4F1E6025C800FBA22D /* Debug */,
				05F1AD501E6025C800FBA22D /* Release */,
			);
			defaultConfigurationIsVisible = 0;
		};
/* End XCConfigurationList section */
	};
	rootObject = 05F1AD2F1E6025C800FBA22D /* Project object */;
}
